// !$*UTF8*$!
{
	archiveVersion = 1;
	classes = {
	};
	objectVersion = 46;
	objects = {

/* Begin PBXBuildFile section */
		595508C91A25E6BB00444D17 /* main.m in Sources */ = {isa = PBXBuildFile; fileRef = 595508C81A25E6BB00444D17 /* main.m */; };
		595508CC1A25E6BB00444D17 /* AppDelegate.m in Sources */ = {isa = PBXBuildFile; fileRef = 595508CB1A25E6BB00444D17 /* AppDelegate.m */; };
		595508CF1A25E6BB00444D17 /* FirstViewController.m in Sources */ = {isa = PBXBuildFile; fileRef = 595508CE1A25E6BB00444D17 /* FirstViewController.m */; };
		595508D21A25E6BB00444D17 /* SecondViewController.m in Sources */ = {isa = PBXBuildFile; fileRef = 595508D11A25E6BB00444D17 /* SecondViewController.m */; };
		595508D51A25E6BB00444D17 /* Main.storyboard in Resources */ = {isa = PBXBuildFile; fileRef = 595508D31A25E6BB00444D17 /* Main.storyboard */; };
		595508D71A25E6BB00444D17 /* Images.xcassets in Resources */ = {isa = PBXBuildFile; fileRef = 595508D61A25E6BB00444D17 /* Images.xcassets */; };
		595508DA1A25E6BB00444D17 /* LaunchScreen.xib in Resources */ = {isa = PBXBuildFile; fileRef = 595508D81A25E6BB00444D17 /* LaunchScreen.xib */; };
		595508E61A25E6BB00444D17 /* tp_ankietyTests.m in Sources */ = {isa = PBXBuildFile; fileRef = 595508E51A25E6BB00444D17 /* tp_ankietyTests.m */; };
/* End PBXBuildFile section */

/* Begin PBXContainerItemProxy section */
		595508E01A25E6BB00444D17 /* PBXContainerItemProxy */ = {
			isa = PBXContainerItemProxy;
			containerPortal = 595508BB1A25E6BB00444D17 /* Project object */;
			proxyType = 1;
			remoteGlobalIDString = 595508C21A25E6BB00444D17;
			remoteInfo = tp_ankiety;
		};
/* End PBXContainerItemProxy section */

/* Begin PBXFileReference section */
		595508C31A25E6BB00444D17 /* tp_ankiety.app */ = {isa = PBXFileReference; explicitFileType = wrapper.application; includeInIndex = 0; path = tp_ankiety.app; sourceTree = BUILT_PRODUCTS_DIR; };
		595508C71A25E6BB00444D17 /* Info.plist */ = {isa = PBXFileReference; lastKnownFileType = text.plist.xml; path = Info.plist; sourceTree = "<group>"; };
		595508C81A25E6BB00444D17 /* main.m */ = {isa = PBXFileReference; lastKnownFileType = sourcecode.c.objc; path = main.m; sourceTree = "<group>"; };
		595508CA1A25E6BB00444D17 /* AppDelegate.h */ = {isa = PBXFileReference; lastKnownFileType = sourcecode.c.h; path = AppDelegate.h; sourceTree = "<group>"; };
		595508CB1A25E6BB00444D17 /* AppDelegate.m */ = {isa = PBXFileReference; lastKnownFileType = sourcecode.c.objc; path = AppDelegate.m; sourceTree = "<group>"; };
		595508CD1A25E6BB00444D17 /* FirstViewController.h */ = {isa = PBXFileReference; lastKnownFileType = sourcecode.c.h; path = FirstViewController.h; sourceTree = "<group>"; };
		595508CE1A25E6BB00444D17 /* FirstViewController.m */ = {isa = PBXFileReference; lastKnownFileType = sourcecode.c.objc; path = FirstViewController.m; sourceTree = "<group>"; };
		595508D01A25E6BB00444D17 /* SecondViewController.h */ = {isa = PBXFileReference; lastKnownFileType = sourcecode.c.h; path = SecondViewController.h; sourceTree = "<group>"; };
		595508D11A25E6BB00444D17 /* SecondViewController.m */ = {isa = PBXFileReference; lastKnownFileType = sourcecode.c.objc; path = SecondViewController.m; sourceTree = "<group>"; };
		595508D41A25E6BB00444D17 /* Base */ = {isa = PBXFileReference; lastKnownFileType = file.storyboard; name = Base; path = Base.lproj/Main.storyboard; sourceTree = "<group>"; };
		595508D61A25E6BB00444D17 /* Images.xcassets */ = {isa = PBXFileReference; lastKnownFileType = folder.assetcatalog; path = Images.xcassets; sourceTree = "<group>"; };
		595508D91A25E6BB00444D17 /* Base */ = {isa = PBXFileReference; lastKnownFileType = file.xib; name = Base; path = Base.lproj/LaunchScreen.xib; sourceTree = "<group>"; };
		595508DF1A25E6BB00444D17 /* tp_ankietyTests.xctest */ = {isa = PBXFileReference; explicitFileType = wrapper.cfbundle; includeInIndex = 0; path = tp_ankietyTests.xctest; sourceTree = BUILT_PRODUCTS_DIR; };
		595508E41A25E6BB00444D17 /* Info.plist */ = {isa = PBXFileReference; lastKnownFileType = text.plist.xml; path = Info.plist; sourceTree = "<group>"; };
		595508E51A25E6BB00444D17 /* tp_ankietyTests.m */ = {isa = PBXFileReference; lastKnownFileType = sourcecode.c.objc; path = tp_ankietyTests.m; sourceTree = "<group>"; };
/* End PBXFileReference section */

/* Begin PBXFrameworksBuildPhase section */
		595508C01A25E6BB00444D17 /* Frameworks */ = {
			isa = PBXFrameworksBuildPhase;
			buildActionMask = 2147483647;
			files = (
			);
			runOnlyForDeploymentPostprocessing = 0;
		};
		595508DC1A25E6BB00444D17 /* Frameworks */ = {
			isa = PBXFrameworksBuildPhase;
			buildActionMask = 2147483647;
			files = (
			);
			runOnlyForDeploymentPostprocessing = 0;
		};
/* End PBXFrameworksBuildPhase section */

/* Begin PBXGroup section */
		595508BA1A25E6BB00444D17 = {
			isa = PBXGroup;
			children = (
				595508C51A25E6BB00444D17 /* tp_ankiety */,
				595508E21A25E6BB00444D17 /* tp_ankietyTests */,
				595508C41A25E6BB00444D17 /* Products */,
			);
			sourceTree = "<group>";
		};
		595508C41A25E6BB00444D17 /* Products */ = {
			isa = PBXGroup;
			children = (
				595508C31A25E6BB00444D17 /* tp_ankiety.app */,
				595508DF1A25E6BB00444D17 /* tp_ankietyTests.xctest */,
			);
			name = Products;
			sourceTree = "<group>";
		};
		595508C51A25E6BB00444D17 /* tp_ankiety */ = {
			isa = PBXGroup;
			children = (
				595508CA1A25E6BB00444D17 /* AppDelegate.h */,
				595508CB1A25E6BB00444D17 /* AppDelegate.m */,
				595508CD1A25E6BB00444D17 /* FirstViewController.h */,
				595508CE1A25E6BB00444D17 /* FirstViewController.m */,
				595508D01A25E6BB00444D17 /* SecondViewController.h */,
				595508D11A25E6BB00444D17 /* SecondViewController.m */,
				595508D31A25E6BB00444D17 /* Main.storyboard */,
				595508D61A25E6BB00444D17 /* Images.xcassets */,
				595508D81A25E6BB00444D17 /* LaunchScreen.xib */,
				595508C61A25E6BB00444D17 /* Supporting Files */,
			);
			path = tp_ankiety;
			sourceTree = "<group>";
		};
		595508C61A25E6BB00444D17 /* Supporting Files */ = {
			isa = PBXGroup;
			children = (
				595508C71A25E6BB00444D17 /* Info.plist */,
				595508C81A25E6BB00444D17 /* main.m */,
			);
			name = "Supporting Files";
			sourceTree = "<group>";
		};
		595508E21A25E6BB00444D17 /* tp_ankietyTests */ = {
			isa = PBXGroup;
			children = (
				595508E51A25E6BB00444D17 /* tp_ankietyTests.m */,
				595508E31A25E6BB00444D17 /* Supporting Files */,
			);
			path = tp_ankietyTests;
			sourceTree = "<group>";
		};
		595508E31A25E6BB00444D17 /* Supporting Files */ = {
			isa = PBXGroup;
			children = (
				595508E41A25E6BB00444D17 /* Info.plist */,
			);
			name = "Supporting Files";
			sourceTree = "<group>";
		};
/* End PBXGroup section */

/* Begin PBXNativeTarget section */
		595508C21A25E6BB00444D17 /* tp_ankiety */ = {
			isa = PBXNativeTarget;
			buildConfigurationList = 595508E91A25E6BB00444D17 /* Build configuration list for PBXNativeTarget "tp_ankiety" */;
			buildPhases = (
				595508BF1A25E6BB00444D17 /* Sources */,
				595508C01A25E6BB00444D17 /* Frameworks */,
				595508C11A25E6BB00444D17 /* Resources */,
			);
			buildRules = (
			);
			dependencies = (
			);
			name = tp_ankiety;
			productName = tp_ankiety;
			productReference = 595508C31A25E6BB00444D17 /* tp_ankiety.app */;
			productType = "com.apple.product-type.application";
		};
		595508DE1A25E6BB00444D17 /* tp_ankietyTests */ = {
			isa = PBXNativeTarget;
			buildConfigurationList = 595508EC1A25E6BB00444D17 /* Build configuration list for PBXNativeTarget "tp_ankietyTests" */;
			buildPhases = (
				595508DB1A25E6BB00444D17 /* Sources */,
				595508DC1A25E6BB00444D17 /* Frameworks */,
				595508DD1A25E6BB00444D17 /* Resources */,
			);
			buildRules = (
			);
			dependencies = (
				595508E11A25E6BB00444D17 /* PBXTargetDependency */,
			);
			name = tp_ankietyTests;
			productName = tp_ankietyTests;
			productReference = 595508DF1A25E6BB00444D17 /* tp_ankietyTests.xctest */;
			productType = "com.apple.product-type.bundle.unit-test";
		};
/* End PBXNativeTarget section */

/* Begin PBXProject section */
		595508BB1A25E6BB00444D17 /* Project object */ = {
			isa = PBXProject;
			attributes = {
				LastUpgradeCheck = 0610;
				ORGANIZATIONNAME = "Aleksander Grzyb";
				TargetAttributes = {
					595508C21A25E6BB00444D17 = {
						CreatedOnToolsVersion = 6.1;
					};
					595508DE1A25E6BB00444D17 = {
						CreatedOnToolsVersion = 6.1;
						TestTargetID = 595508C21A25E6BB00444D17;
					};
				};
			};
			buildConfigurationList = 595508BE1A25E6BB00444D17 /* Build configuration list for PBXProject "tp_ankiety" */;
			compatibilityVersion = "Xcode 3.2";
			developmentRegion = English;
			hasScannedForEncodings = 0;
			knownRegions = (
				en,
				Base,
			);
			mainGroup = 595508BA1A25E6BB00444D17;
			productRefGroup = 595508C41A25E6BB00444D17 /* Products */;
			projectDirPath = "";
			projectRoot = "";
			targets = (
				595508C21A25E6BB00444D17 /* tp_ankiety */,
				595508DE1A25E6BB00444D17 /* tp_ankietyTests */,
			);
		};
/* End PBXProject section */

/* Begin PBXResourcesBuildPhase section */
		595508C11A25E6BB00444D17 /* Resources */ = {
			isa = PBXResourcesBuildPhase;
			buildActionMask = 2147483647;
			files = (
				595508D51A25E6BB00444D17 /* Main.storyboard in Resources */,
				595508DA1A25E6BB00444D17 /* LaunchScreen.xib in Resources */,
				595508D71A25E6BB00444D17 /* Images.xcassets in Resources */,
			);
			runOnlyForDeploymentPostprocessing = 0;
		};
		595508DD1A25E6BB00444D17 /* Resources */ = {
			isa = PBXResourcesBuildPhase;
			buildActionMask = 2147483647;
			files = (
			);
			runOnlyForDeploymentPostprocessing = 0;
		};
/* End PBXResourcesBuildPhase section */

/* Begin PBXSourcesBuildPhase section */
		595508BF1A25E6BB00444D17 /* Sources */ = {
			isa = PBXSourcesBuildPhase;
			buildActionMask = 2147483647;
			files = (
				595508D21A25E6BB00444D17 /* SecondViewController.m in Sources */,
				595508CC1A25E6BB00444D17 /* AppDelegate.m in Sources */,
				595508CF1A25E6BB00444D17 /* FirstViewController.m in Sources */,
				595508C91A25E6BB00444D17 /* main.m in Sources */,
			);
			runOnlyForDeploymentPostprocessing = 0;
		};
		595508DB1A25E6BB00444D17 /* Sources */ = {
			isa = PBXSourcesBuildPhase;
			buildActionMask = 2147483647;
			files = (
				595508E61A25E6BB00444D17 /* tp_ankietyTests.m in Sources */,
			);
			runOnlyForDeploymentPostprocessing = 0;
		};
/* End PBXSourcesBuildPhase section */

/* Begin PBXTargetDependency section */
		595508E11A25E6BB00444D17 /* PBXTargetDependency */ = {
			isa = PBXTargetDependency;
			target = 595508C21A25E6BB00444D17 /* tp_ankiety */;
			targetProxy = 595508E01A25E6BB00444D17 /* PBXContainerItemProxy */;
		};
/* End PBXTargetDependency section */

/* Begin PBXVariantGroup section */
		595508D31A25E6BB00444D17 /* Main.storyboard */ = {
			isa = PBXVariantGroup;
			children = (
				595508D41A25E6BB00444D17 /* Base */,
			);
			name = Main.storyboard;
			sourceTree = "<group>";
		};
		595508D81A25E6BB00444D17 /* LaunchScreen.xib */ = {
			isa = PBXVariantGroup;
			children = (
				595508D91A25E6BB00444D17 /* Base */,
			);
			name = LaunchScreen.xib;
			sourceTree = "<group>";
		};
/* End PBXVariantGroup section */

/* Begin XCBuildConfiguration section */
		595508E71A25E6BB00444D17 /* Debug */ = {
			isa = XCBuildConfiguration;
			buildSettings = {
				ALWAYS_SEARCH_USER_PATHS = NO;
				CLANG_CXX_LANGUAGE_STANDARD = "gnu++0x";
				CLANG_CXX_LIBRARY = "libc++";
				CLANG_ENABLE_MODULES = YES;
				CLANG_ENABLE_OBJC_ARC = YES;
				CLANG_WARN_BOOL_CONVERSION = YES;
				CLANG_WARN_CONSTANT_CONVERSION = YES;
				CLANG_WARN_DIRECT_OBJC_ISA_USAGE = YES_ERROR;
				CLANG_WARN_EMPTY_BODY = YES;
				CLANG_WARN_ENUM_CONVERSION = YES;
				CLANG_WARN_INT_CONVERSION = YES;
				CLANG_WARN_OBJC_ROOT_CLASS = YES_ERROR;
				CLANG_WARN_UNREACHABLE_CODE = YES;
				CLANG_WARN__DUPLICATE_METHOD_MATCH = YES;
				"CODE_SIGN_IDENTITY[sdk=iphoneos*]" = "iPhone Developer";
				COPY_PHASE_STRIP = NO;
				ENABLE_STRICT_OBJC_MSGSEND = YES;
				GCC_C_LANGUAGE_STANDARD = gnu99;
				GCC_DYNAMIC_NO_PIC = NO;
				GCC_OPTIMIZATION_LEVEL = 0;
				GCC_PREPROCESSOR_DEFINITIONS = (
					"DEBUG=1",
					"$(inherited)",
				);
				GCC_SYMBOLS_PRIVATE_EXTERN = NO;
				GCC_WARN_64_TO_32_BIT_CONVERSION = YES;
				GCC_WARN_ABOUT_RETURN_TYPE = YES_ERROR;
				GCC_WARN_UNDECLARED_SELECTOR = YES;
				GCC_WARN_UNINITIALIZED_AUTOS = YES_AGGRESSIVE;
				GCC_WARN_UNUSED_FUNCTION = YES;
				GCC_WARN_UNUSED_VARIABLE = YES;
				IPHONEOS_DEPLOYMENT_TARGET = 8.1;
				MTL_ENABLE_DEBUG_INFO = YES;
				ONLY_ACTIVE_ARCH = YES;
				SDKROOT = iphoneos;
			};
			name = Debug;
		};
		595508E81A25E6BB00444D17 /* Release */ = {
			isa = XCBuildConfiguration;
			buildSettings = {
				ALWAYS_SEARCH_USER_PATHS = NO;
				CLANG_CXX_LANGUAGE_STANDARD = "gnu++0x";
				CLANG_CXX_LIBRARY = "libc++";
				CLANG_ENABLE_MODULES = YES;
				CLANG_ENABLE_OBJC_ARC = YES;
				CLANG_WARN_BOOL_CONVERSION = YES;
				CLANG_WARN_CONSTANT_CONVERSION = YES;
				CLANG_WARN_DIRECT_OBJC_ISA_USAGE = YES_ERROR;
				CLANG_WARN_EMPTY_BODY = YES;
				CLANG_WARN_ENUM_CONVERSION = YES;
				CLANG_WARN_INT_CONVERSION = YES;
				CLANG_WARN_OBJC_ROOT_CLASS = YES_ERROR;
				CLANG_WARN_UNREACHABLE_CODE = YES;
				CLANG_WARN__DUPLICATE_METHOD_MATCH = YES;
				"CODE_SIGN_IDENTITY[sdk=iphoneos*]" = "iPhone Developer";
				COPY_PHASE_STRIP = YES;
				ENABLE_NS_ASSERTIONS = NO;
				ENABLE_STRICT_OBJC_MSGSEND = YES;
				GCC_C_LANGUAGE_STANDARD = gnu99;
				GCC_WARN_64_TO_32_BIT_CONVERSION = YES;
				GCC_WARN_ABOUT_RETURN_TYPE = YES_ERROR;
				GCC_WARN_UNDECLARED_SELECTOR = YES;
				GCC_WARN_UNINITIALIZED_AUTOS = YES_AGGRESSIVE;
				GCC_WARN_UNUSED_FUNCTION = YES;
				GCC_WARN_UNUSED_VARIABLE = YES;
				IPHONEOS_DEPLOYMENT_TARGET = 8.1;
				MTL_ENABLE_DEBUG_INFO = NO;
				SDKROOT = iphoneos;
				VALIDATE_PRODUCT = YES;
			};
			name = Release;
		};
		595508EA1A25E6BB00444D17 /* Debug */ = {
			isa = XCBuildConfiguration;
			buildSettings = {
				ASSETCATALOG_COMPILER_APPICON_NAME = AppIcon;
				INFOPLIST_FILE = tp_ankiety/Info.plist;
				LD_RUNPATH_SEARCH_PATHS = "$(inherited) @executable_path/Frameworks";
				PRODUCT_NAME = "$(TARGET_NAME)";
			};
			name = Debug;
		};
		595508EB1A25E6BB00444D17 /* Release */ = {
			isa = XCBuildConfiguration;
			buildSettings = {
				ASSETCATALOG_COMPILER_APPICON_NAME = AppIcon;
				INFOPLIST_FILE = tp_ankiety/Info.plist;
				LD_RUNPATH_SEARCH_PATHS = "$(inherited) @executable_path/Frameworks";
				PRODUCT_NAME = "$(TARGET_NAME)";
			};
			name = Release;
		};
		595508ED1A25E6BB00444D17 /* Debug */ = {
			isa = XCBuildConfiguration;
			buildSettings = {
				BUNDLE_LOADER = "$(TEST_HOST)";
				FRAMEWORK_SEARCH_PATHS = (
					"$(SDKROOT)/Developer/Library/Frameworks",
					"$(inherited)",
				);
				GCC_PREPROCESSOR_DEFINITIONS = (
					"DEBUG=1",
					"$(inherited)",
				);
				INFOPLIST_FILE = tp_ankietyTests/Info.plist;
				LD_RUNPATH_SEARCH_PATHS = "$(inherited) @executable_path/Frameworks @loader_path/Frameworks";
				PRODUCT_NAME = "$(TARGET_NAME)";
				TEST_HOST = "$(BUILT_PRODUCTS_DIR)/tp_ankiety.app/tp_ankiety";
			};
			name = Debug;
		};
		595508EE1A25E6BB00444D17 /* Release */ = {
			isa = XCBuildConfiguration;
			buildSettings = {
				BUNDLE_LOADER = "$(TEST_HOST)";
				FRAMEWORK_SEARCH_PATHS = (
					"$(SDKROOT)/Developer/Library/Frameworks",
					"$(inherited)",
				);
				INFOPLIST_FILE = tp_ankietyTests/Info.plist;
				LD_RUNPATH_SEARCH_PATHS = "$(inherited) @executable_path/Frameworks @loader_path/Frameworks";
				PRODUCT_NAME = "$(TARGET_NAME)";
				TEST_HOST = "$(BUILT_PRODUCTS_DIR)/tp_ankiety.app/tp_ankiety";
			};
			name = Release;
		};
/* End XCBuildConfiguration section */

/* Begin XCConfigurationList section */
		595508BE1A25E6BB00444D17 /* Build configuration list for PBXProject "tp_ankiety" */ = {
			isa = XCConfigurationList;
			buildConfigurations = (
				595508E71A25E6BB00444D17 /* Debug */,
				595508E81A25E6BB00444D17 /* Release */,
			);
			defaultConfigurationIsVisible = 0;
			defaultConfigurationName = Release;
		};
		595508E91A25E6BB00444D17 /* Build configuration list for PBXNativeTarget "tp_ankiety" */ = {
			isa = XCConfigurationList;
			buildConfigurations = (
				595508EA1A25E6BB00444D17 /* Debug */,
				595508EB1A25E6BB00444D17 /* Release */,
			);
			defaultConfigurationIsVisible = 0;
		};
		595508EC1A25E6BB00444D17 /* Build configuration list for PBXNativeTarget "tp_ankietyTests" */ = {
			isa = XCConfigurationList;
			buildConfigurations = (
				595508ED1A25E6BB00444D17 /* Debug */,
				595508EE1A25E6BB00444D17 /* Release */,
			);
			defaultConfigurationIsVisible = 0;
		};
/* End XCConfigurationList section */
	};
	rootObject = 595508BB1A25E6BB00444D17 /* Project object */;
}
