<?xml version="1.0" encoding="UTF-8"?>
<!DOCTYPE plist PUBLIC "-//Apple//DTD PLIST 1.0//EN" "http://www.apple.com/DTDs/PropertyList-1.0.dtd">
<plist version="1.0">
<dict>
	<key>archiveVersion</key>
	<string>1</string>
	<key>classes</key>
	<dict/>
	<key>objectVersion</key>
	<string>46</string>
	<key>objects</key>
	<dict>
		<key>05C3BF07F456E5015AA8613E</key>
		<dict>
			<key>children</key>
			<array>
				<string>27FF700F29E362F11F0677A9</string>
			</array>
			<key>isa</key>
			<string>PBXGroup</string>
			<key>name</key>
			<string>Frameworks</string>
			<key>sourceTree</key>
			<string>&lt;group&gt;</string>
		</dict>
		<key>27FF700F29E362F11F0677A9</key>
		<dict>
			<key>explicitFileType</key>
			<string>archive.ar</string>
			<key>includeInIndex</key>
			<string>0</string>
			<key>isa</key>
			<string>PBXFileReference</string>
			<key>path</key>
			<string>libPods.a</string>
			<key>sourceTree</key>
			<string>BUILT_PRODUCTS_DIR</string>
		</dict>
		<key>31E97BCCBBE23A3138DBC7BA</key>
		<dict>
			<key>fileRef</key>
			<string>27FF700F29E362F11F0677A9</string>
			<key>isa</key>
			<string>PBXBuildFile</string>
		</dict>
		<key>3FB46DBC45B55123DBE9B480</key>
		<dict>
			<key>buildActionMask</key>
			<string>2147483647</string>
			<key>files</key>
			<array/>
			<key>inputPaths</key>
			<array/>
			<key>isa</key>
			<string>PBXShellScriptBuildPhase</string>
			<key>name</key>
			<string>Copy Pods Resources</string>
			<key>outputPaths</key>
			<array/>
			<key>runOnlyForDeploymentPostprocessing</key>
			<string>0</string>
			<key>shellPath</key>
			<string>/bin/sh</string>
			<key>shellScript</key>
			<string>"${SRCROOT}/Pods/Target Support Files/Pods/Pods-resources.sh"
</string>
			<key>showEnvVarsInLog</key>
			<string>0</string>
		</dict>
		<key>42DEA79FA7BAB1F05BB0ECD8</key>
		<dict>
			<key>children</key>
			<array>
				<string>46CEF5466AE41C733791B183</string>
				<string>A85971305A0EDDF94E5399FF</string>
			</array>
			<key>isa</key>
			<string>PBXGroup</string>
			<key>name</key>
			<string>Pods</string>
			<key>sourceTree</key>
			<string>&lt;group&gt;</string>
		</dict>
		<key>46CEF5466AE41C733791B183</key>
		<dict>
			<key>includeInIndex</key>
			<string>1</string>
			<key>isa</key>
			<string>PBXFileReference</string>
			<key>lastKnownFileType</key>
			<string>text.xcconfig</string>
			<key>name</key>
			<string>Pods.debug.xcconfig</string>
			<key>path</key>
			<string>Pods/Target Support Files/Pods/Pods.debug.xcconfig</string>
			<key>sourceTree</key>
			<string>&lt;group&gt;</string>
		</dict>
		<key>595508BA1A25E6BB00444D17</key>
		<dict>
			<key>children</key>
			<array>
				<string>595508C51A25E6BB00444D17</string>
				<string>595508E21A25E6BB00444D17</string>
				<string>595508C41A25E6BB00444D17</string>
				<string>42DEA79FA7BAB1F05BB0ECD8</string>
				<string>05C3BF07F456E5015AA8613E</string>
			</array>
			<key>isa</key>
			<string>PBXGroup</string>
			<key>sourceTree</key>
			<string>&lt;group&gt;</string>
		</dict>
		<key>595508BB1A25E6BB00444D17</key>
		<dict>
			<key>attributes</key>
			<dict>
				<key>LastUpgradeCheck</key>
				<string>0610</string>
				<key>ORGANIZATIONNAME</key>
				<string>Aleksander Grzyb</string>
				<key>TargetAttributes</key>
				<dict>
					<key>595508C21A25E6BB00444D17</key>
					<dict>
						<key>CreatedOnToolsVersion</key>
						<string>6.1</string>
						<key>DevelopmentTeam</key>
						<string>99UV99PF48</string>
					</dict>
					<key>595508DE1A25E6BB00444D17</key>
					<dict>
						<key>CreatedOnToolsVersion</key>
						<string>6.1</string>
						<key>TestTargetID</key>
						<string>595508C21A25E6BB00444D17</string>
					</dict>
				</dict>
			</dict>
			<key>buildConfigurationList</key>
			<string>595508BE1A25E6BB00444D17</string>
			<key>compatibilityVersion</key>
			<string>Xcode 3.2</string>
			<key>developmentRegion</key>
			<string>English</string>
			<key>hasScannedForEncodings</key>
			<string>0</string>
			<key>isa</key>
			<string>PBXProject</string>
			<key>knownRegions</key>
			<array>
				<string>en</string>
				<string>Base</string>
			</array>
			<key>mainGroup</key>
			<string>595508BA1A25E6BB00444D17</string>
			<key>productRefGroup</key>
			<string>595508C41A25E6BB00444D17</string>
			<key>projectDirPath</key>
			<string></string>
			<key>projectReferences</key>
			<array/>
			<key>projectRoot</key>
			<string></string>
			<key>targets</key>
			<array>
				<string>595508C21A25E6BB00444D17</string>
				<string>595508DE1A25E6BB00444D17</string>
			</array>
		</dict>
		<key>595508BE1A25E6BB00444D17</key>
		<dict>
			<key>buildConfigurations</key>
			<array>
				<string>595508E71A25E6BB00444D17</string>
				<string>595508E81A25E6BB00444D17</string>
			</array>
			<key>defaultConfigurationIsVisible</key>
			<string>0</string>
			<key>defaultConfigurationName</key>
			<string>Release</string>
			<key>isa</key>
			<string>XCConfigurationList</string>
		</dict>
		<key>595508BF1A25E6BB00444D17</key>
		<dict>
			<key>buildActionMask</key>
			<string>2147483647</string>
			<key>files</key>
			<array>
				<string>595508FC1A25F8E100444D17</string>
				<string>595508F11A25F52D00444D17</string>
				<string>595508CC1A25E6BB00444D17</string>
				<string>595509001A25FFE500444D17</string>
				<string>595508C91A25E6BB00444D17</string>
				<string>595508F51A25F5DA00444D17</string>
			</array>
			<key>isa</key>
			<string>PBXSourcesBuildPhase</string>
			<key>runOnlyForDeploymentPostprocessing</key>
			<string>0</string>
		</dict>
		<key>595508C01A25E6BB00444D17</key>
		<dict>
			<key>buildActionMask</key>
			<string>2147483647</string>
			<key>files</key>
			<array>
				<string>31E97BCCBBE23A3138DBC7BA</string>
			</array>
			<key>isa</key>
			<string>PBXFrameworksBuildPhase</string>
			<key>runOnlyForDeploymentPostprocessing</key>
			<string>0</string>
		</dict>
		<key>595508C11A25E6BB00444D17</key>
		<dict>
			<key>buildActionMask</key>
			<string>2147483647</string>
			<key>files</key>
			<array>
				<string>595508D51A25E6BB00444D17</string>
				<string>595508DA1A25E6BB00444D17</string>
				<string>595508D71A25E6BB00444D17</string>
			</array>
			<key>isa</key>
			<string>PBXResourcesBuildPhase</string>
			<key>runOnlyForDeploymentPostprocessing</key>
			<string>0</string>
		</dict>
		<key>595508C21A25E6BB00444D17</key>
		<dict>
			<key>buildConfigurationList</key>
			<string>595508E91A25E6BB00444D17</string>
			<key>buildPhases</key>
			<array>
				<string>65BC339A4EDC1AAE1BB3B976</string>
				<string>595508BF1A25E6BB00444D17</string>
				<string>595508C01A25E6BB00444D17</string>
				<string>595508C11A25E6BB00444D17</string>
				<string>3FB46DBC45B55123DBE9B480</string>
			</array>
			<key>buildRules</key>
			<array/>
			<key>dependencies</key>
			<array/>
			<key>isa</key>
			<string>PBXNativeTarget</string>
			<key>name</key>
			<string>tp_ankiety</string>
			<key>productName</key>
			<string>tp_ankiety</string>
			<key>productReference</key>
			<string>595508C31A25E6BB00444D17</string>
			<key>productType</key>
			<string>com.apple.product-type.application</string>
		</dict>
		<key>595508C31A25E6BB00444D17</key>
		<dict>
			<key>explicitFileType</key>
			<string>wrapper.application</string>
			<key>includeInIndex</key>
			<string>0</string>
			<key>isa</key>
			<string>PBXFileReference</string>
			<key>path</key>
			<string>tp_ankiety.app</string>
			<key>sourceTree</key>
			<string>BUILT_PRODUCTS_DIR</string>
		</dict>
		<key>595508C41A25E6BB00444D17</key>
		<dict>
			<key>children</key>
			<array>
				<string>595508C31A25E6BB00444D17</string>
				<string>595508DF1A25E6BB00444D17</string>
			</array>
			<key>isa</key>
			<string>PBXGroup</string>
			<key>name</key>
			<string>Products</string>
			<key>sourceTree</key>
			<string>&lt;group&gt;</string>
		</dict>
		<key>595508C51A25E6BB00444D17</key>
		<dict>
			<key>children</key>
			<array>
				<string>59691DC81A306BF30095FA22</string>
				<string>595508FD1A25FFCF00444D17</string>
				<string>595508F91A25F8B500444D17</string>
				<string>595508F21A25F53300444D17</string>
				<string>595508D31A25E6BB00444D17</string>
				<string>595508D61A25E6BB00444D17</string>
				<string>595508D81A25E6BB00444D17</string>
				<string>595508C61A25E6BB00444D17</string>
			</array>
			<key>isa</key>
			<string>PBXGroup</string>
			<key>path</key>
			<string>tp_ankiety</string>
			<key>sourceTree</key>
			<string>&lt;group&gt;</string>
		</dict>
		<key>595508C61A25E6BB00444D17</key>
		<dict>
			<key>children</key>
			<array>
				<string>595508CA1A25E6BB00444D17</string>
				<string>595508CB1A25E6BB00444D17</string>
				<string>595508C71A25E6BB00444D17</string>
				<string>595508C81A25E6BB00444D17</string>
			</array>
			<key>isa</key>
			<string>PBXGroup</string>
			<key>name</key>
			<string>Supporting Files</string>
			<key>sourceTree</key>
			<string>&lt;group&gt;</string>
		</dict>
		<key>595508C71A25E6BB00444D17</key>
		<dict>
			<key>isa</key>
			<string>PBXFileReference</string>
			<key>lastKnownFileType</key>
			<string>text.plist.xml</string>
			<key>path</key>
			<string>Info.plist</string>
			<key>sourceTree</key>
			<string>&lt;group&gt;</string>
		</dict>
		<key>595508C81A25E6BB00444D17</key>
		<dict>
			<key>isa</key>
			<string>PBXFileReference</string>
			<key>lastKnownFileType</key>
			<string>sourcecode.c.objc</string>
			<key>path</key>
			<string>main.m</string>
			<key>sourceTree</key>
			<string>&lt;group&gt;</string>
		</dict>
		<key>595508C91A25E6BB00444D17</key>
		<dict>
			<key>fileRef</key>
			<string>595508C81A25E6BB00444D17</string>
			<key>isa</key>
			<string>PBXBuildFile</string>
		</dict>
		<key>595508CA1A25E6BB00444D17</key>
		<dict>
			<key>isa</key>
			<string>PBXFileReference</string>
			<key>lastKnownFileType</key>
			<string>sourcecode.c.h</string>
			<key>path</key>
			<string>AppDelegate.h</string>
			<key>sourceTree</key>
			<string>&lt;group&gt;</string>
		</dict>
		<key>595508CB1A25E6BB00444D17</key>
		<dict>
			<key>isa</key>
			<string>PBXFileReference</string>
			<key>lastKnownFileType</key>
			<string>sourcecode.c.objc</string>
			<key>path</key>
			<string>AppDelegate.m</string>
			<key>sourceTree</key>
			<string>&lt;group&gt;</string>
		</dict>
		<key>595508CC1A25E6BB00444D17</key>
		<dict>
			<key>fileRef</key>
			<string>595508CB1A25E6BB00444D17</string>
			<key>isa</key>
			<string>PBXBuildFile</string>
		</dict>
		<key>595508D31A25E6BB00444D17</key>
		<dict>
			<key>children</key>
			<array>
				<string>595508D41A25E6BB00444D17</string>
			</array>
			<key>isa</key>
			<string>PBXVariantGroup</string>
			<key>name</key>
			<string>Main.storyboard</string>
			<key>sourceTree</key>
			<string>&lt;group&gt;</string>
		</dict>
		<key>595508D41A25E6BB00444D17</key>
		<dict>
			<key>isa</key>
			<string>PBXFileReference</string>
			<key>lastKnownFileType</key>
			<string>file.storyboard</string>
			<key>name</key>
			<string>Base</string>
			<key>path</key>
			<string>Base.lproj/Main.storyboard</string>
			<key>sourceTree</key>
			<string>&lt;group&gt;</string>
		</dict>
		<key>595508D51A25E6BB00444D17</key>
		<dict>
			<key>fileRef</key>
			<string>595508D31A25E6BB00444D17</string>
			<key>isa</key>
			<string>PBXBuildFile</string>
		</dict>
		<key>595508D61A25E6BB00444D17</key>
		<dict>
			<key>isa</key>
			<string>PBXFileReference</string>
			<key>lastKnownFileType</key>
			<string>folder.assetcatalog</string>
			<key>path</key>
			<string>Images.xcassets</string>
			<key>sourceTree</key>
			<string>&lt;group&gt;</string>
		</dict>
		<key>595508D71A25E6BB00444D17</key>
		<dict>
			<key>fileRef</key>
			<string>595508D61A25E6BB00444D17</string>
			<key>isa</key>
			<string>PBXBuildFile</string>
		</dict>
		<key>595508D81A25E6BB00444D17</key>
		<dict>
			<key>children</key>
			<array>
				<string>595508D91A25E6BB00444D17</string>
			</array>
			<key>isa</key>
			<string>PBXVariantGroup</string>
			<key>name</key>
			<string>LaunchScreen.xib</string>
			<key>sourceTree</key>
			<string>&lt;group&gt;</string>
		</dict>
		<key>595508D91A25E6BB00444D17</key>
		<dict>
			<key>isa</key>
			<string>PBXFileReference</string>
			<key>lastKnownFileType</key>
			<string>file.xib</string>
			<key>name</key>
			<string>Base</string>
			<key>path</key>
			<string>Base.lproj/LaunchScreen.xib</string>
			<key>sourceTree</key>
			<string>&lt;group&gt;</string>
		</dict>
		<key>595508DA1A25E6BB00444D17</key>
		<dict>
			<key>fileRef</key>
			<string>595508D81A25E6BB00444D17</string>
			<key>isa</key>
			<string>PBXBuildFile</string>
		</dict>
		<key>595508DB1A25E6BB00444D17</key>
		<dict>
			<key>buildActionMask</key>
			<string>2147483647</string>
			<key>files</key>
			<array>
				<string>595508E61A25E6BB00444D17</string>
			</array>
			<key>isa</key>
			<string>PBXSourcesBuildPhase</string>
			<key>runOnlyForDeploymentPostprocessing</key>
			<string>0</string>
		</dict>
		<key>595508DC1A25E6BB00444D17</key>
		<dict>
			<key>buildActionMask</key>
			<string>2147483647</string>
			<key>files</key>
			<array/>
			<key>isa</key>
			<string>PBXFrameworksBuildPhase</string>
			<key>runOnlyForDeploymentPostprocessing</key>
			<string>0</string>
		</dict>
		<key>595508DD1A25E6BB00444D17</key>
		<dict>
			<key>buildActionMask</key>
			<string>2147483647</string>
			<key>files</key>
			<array/>
			<key>isa</key>
			<string>PBXResourcesBuildPhase</string>
			<key>runOnlyForDeploymentPostprocessing</key>
			<string>0</string>
		</dict>
		<key>595508DE1A25E6BB00444D17</key>
		<dict>
			<key>buildConfigurationList</key>
			<string>595508EC1A25E6BB00444D17</string>
			<key>buildPhases</key>
			<array>
				<string>595508DB1A25E6BB00444D17</string>
				<string>595508DC1A25E6BB00444D17</string>
				<string>595508DD1A25E6BB00444D17</string>
			</array>
			<key>buildRules</key>
			<array/>
			<key>dependencies</key>
			<array>
				<string>595508E11A25E6BB00444D17</string>
			</array>
			<key>isa</key>
			<string>PBXNativeTarget</string>
			<key>name</key>
			<string>tp_ankietyTests</string>
			<key>productName</key>
			<string>tp_ankietyTests</string>
			<key>productReference</key>
			<string>595508DF1A25E6BB00444D17</string>
			<key>productType</key>
			<string>com.apple.product-type.bundle.unit-test</string>
		</dict>
		<key>595508DF1A25E6BB00444D17</key>
		<dict>
			<key>explicitFileType</key>
			<string>wrapper.cfbundle</string>
			<key>includeInIndex</key>
			<string>0</string>
			<key>isa</key>
			<string>PBXFileReference</string>
			<key>path</key>
			<string>tp_ankietyTests.xctest</string>
			<key>sourceTree</key>
			<string>BUILT_PRODUCTS_DIR</string>
		</dict>
		<key>595508E01A25E6BB00444D17</key>
		<dict>
			<key>containerPortal</key>
			<string>595508BB1A25E6BB00444D17</string>
			<key>isa</key>
			<string>PBXContainerItemProxy</string>
			<key>proxyType</key>
			<string>1</string>
			<key>remoteGlobalIDString</key>
			<string>595508C21A25E6BB00444D17</string>
			<key>remoteInfo</key>
			<string>tp_ankiety</string>
		</dict>
		<key>595508E11A25E6BB00444D17</key>
		<dict>
			<key>isa</key>
			<string>PBXTargetDependency</string>
			<key>target</key>
			<string>595508C21A25E6BB00444D17</string>
			<key>targetProxy</key>
			<string>595508E01A25E6BB00444D17</string>
		</dict>
		<key>595508E21A25E6BB00444D17</key>
		<dict>
			<key>children</key>
			<array>
				<string>595508E51A25E6BB00444D17</string>
				<string>595508E31A25E6BB00444D17</string>
			</array>
			<key>isa</key>
			<string>PBXGroup</string>
			<key>path</key>
			<string>tp_ankietyTests</string>
			<key>sourceTree</key>
			<string>&lt;group&gt;</string>
		</dict>
		<key>595508E31A25E6BB00444D17</key>
		<dict>
			<key>children</key>
			<array>
				<string>595508E41A25E6BB00444D17</string>
			</array>
			<key>isa</key>
			<string>PBXGroup</string>
			<key>name</key>
			<string>Supporting Files</string>
			<key>sourceTree</key>
			<string>&lt;group&gt;</string>
		</dict>
		<key>595508E41A25E6BB00444D17</key>
		<dict>
			<key>isa</key>
			<string>PBXFileReference</string>
			<key>lastKnownFileType</key>
			<string>text.plist.xml</string>
			<key>path</key>
			<string>Info.plist</string>
			<key>sourceTree</key>
			<string>&lt;group&gt;</string>
		</dict>
		<key>595508E51A25E6BB00444D17</key>
		<dict>
			<key>isa</key>
			<string>PBXFileReference</string>
			<key>lastKnownFileType</key>
			<string>sourcecode.c.objc</string>
			<key>path</key>
			<string>tp_ankietyTests.m</string>
			<key>sourceTree</key>
			<string>&lt;group&gt;</string>
		</dict>
		<key>595508E61A25E6BB00444D17</key>
		<dict>
			<key>fileRef</key>
			<string>595508E51A25E6BB00444D17</string>
			<key>isa</key>
			<string>PBXBuildFile</string>
		</dict>
		<key>595508E71A25E6BB00444D17</key>
		<dict>
			<key>buildSettings</key>
			<dict>
				<key>ALWAYS_SEARCH_USER_PATHS</key>
				<string>NO</string>
				<key>CLANG_CXX_LANGUAGE_STANDARD</key>
				<string>gnu++0x</string>
				<key>CLANG_CXX_LIBRARY</key>
				<string>libc++</string>
				<key>CLANG_ENABLE_MODULES</key>
				<string>YES</string>
				<key>CLANG_ENABLE_OBJC_ARC</key>
				<string>YES</string>
				<key>CLANG_WARN_BOOL_CONVERSION</key>
				<string>YES</string>
				<key>CLANG_WARN_CONSTANT_CONVERSION</key>
				<string>YES</string>
				<key>CLANG_WARN_DIRECT_OBJC_ISA_USAGE</key>
				<string>YES_ERROR</string>
				<key>CLANG_WARN_EMPTY_BODY</key>
				<string>YES</string>
				<key>CLANG_WARN_ENUM_CONVERSION</key>
				<string>YES</string>
				<key>CLANG_WARN_INT_CONVERSION</key>
				<string>YES</string>
				<key>CLANG_WARN_OBJC_ROOT_CLASS</key>
				<string>YES_ERROR</string>
				<key>CLANG_WARN_UNREACHABLE_CODE</key>
				<string>YES</string>
				<key>CLANG_WARN__DUPLICATE_METHOD_MATCH</key>
				<string>YES</string>
				<key>CODE_SIGN_IDENTITY[sdk=iphoneos*]</key>
				<string>iPhone Developer</string>
				<key>COPY_PHASE_STRIP</key>
				<string>NO</string>
				<key>ENABLE_STRICT_OBJC_MSGSEND</key>
				<string>YES</string>
				<key>GCC_C_LANGUAGE_STANDARD</key>
				<string>gnu99</string>
				<key>GCC_DYNAMIC_NO_PIC</key>
				<string>NO</string>
				<key>GCC_OPTIMIZATION_LEVEL</key>
				<string>0</string>
				<key>GCC_PREPROCESSOR_DEFINITIONS</key>
				<array>
					<string>DEBUG=1</string>
					<string>$(inherited)</string>
				</array>
				<key>GCC_SYMBOLS_PRIVATE_EXTERN</key>
				<string>NO</string>
				<key>GCC_WARN_64_TO_32_BIT_CONVERSION</key>
				<string>YES</string>
				<key>GCC_WARN_ABOUT_RETURN_TYPE</key>
				<string>YES_ERROR</string>
				<key>GCC_WARN_UNDECLARED_SELECTOR</key>
				<string>YES</string>
				<key>GCC_WARN_UNINITIALIZED_AUTOS</key>
				<string>YES_AGGRESSIVE</string>
				<key>GCC_WARN_UNUSED_FUNCTION</key>
				<string>YES</string>
				<key>GCC_WARN_UNUSED_VARIABLE</key>
				<string>YES</string>
				<key>IPHONEOS_DEPLOYMENT_TARGET</key>
				<string>8.1</string>
				<key>MTL_ENABLE_DEBUG_INFO</key>
				<string>YES</string>
				<key>ONLY_ACTIVE_ARCH</key>
				<string>YES</string>
				<key>SDKROOT</key>
				<string>iphoneos</string>
			</dict>
			<key>isa</key>
			<string>XCBuildConfiguration</string>
			<key>name</key>
			<string>Debug</string>
		</dict>
		<key>595508E81A25E6BB00444D17</key>
		<dict>
			<key>buildSettings</key>
			<dict>
				<key>ALWAYS_SEARCH_USER_PATHS</key>
				<string>NO</string>
				<key>CLANG_CXX_LANGUAGE_STANDARD</key>
				<string>gnu++0x</string>
				<key>CLANG_CXX_LIBRARY</key>
				<string>libc++</string>
				<key>CLANG_ENABLE_MODULES</key>
				<string>YES</string>
				<key>CLANG_ENABLE_OBJC_ARC</key>
				<string>YES</string>
				<key>CLANG_WARN_BOOL_CONVERSION</key>
				<string>YES</string>
				<key>CLANG_WARN_CONSTANT_CONVERSION</key>
				<string>YES</string>
				<key>CLANG_WARN_DIRECT_OBJC_ISA_USAGE</key>
				<string>YES_ERROR</string>
				<key>CLANG_WARN_EMPTY_BODY</key>
				<string>YES</string>
				<key>CLANG_WARN_ENUM_CONVERSION</key>
				<string>YES</string>
				<key>CLANG_WARN_INT_CONVERSION</key>
				<string>YES</string>
				<key>CLANG_WARN_OBJC_ROOT_CLASS</key>
				<string>YES_ERROR</string>
				<key>CLANG_WARN_UNREACHABLE_CODE</key>
				<string>YES</string>
				<key>CLANG_WARN__DUPLICATE_METHOD_MATCH</key>
				<string>YES</string>
				<key>CODE_SIGN_IDENTITY[sdk=iphoneos*]</key>
				<string>iPhone Developer</string>
				<key>COPY_PHASE_STRIP</key>
				<string>YES</string>
				<key>ENABLE_NS_ASSERTIONS</key>
				<string>NO</string>
				<key>ENABLE_STRICT_OBJC_MSGSEND</key>
				<string>YES</string>
				<key>GCC_C_LANGUAGE_STANDARD</key>
				<string>gnu99</string>
				<key>GCC_WARN_64_TO_32_BIT_CONVERSION</key>
				<string>YES</string>
				<key>GCC_WARN_ABOUT_RETURN_TYPE</key>
				<string>YES_ERROR</string>
				<key>GCC_WARN_UNDECLARED_SELECTOR</key>
				<string>YES</string>
				<key>GCC_WARN_UNINITIALIZED_AUTOS</key>
				<string>YES_AGGRESSIVE</string>
				<key>GCC_WARN_UNUSED_FUNCTION</key>
				<string>YES</string>
				<key>GCC_WARN_UNUSED_VARIABLE</key>
				<string>YES</string>
				<key>IPHONEOS_DEPLOYMENT_TARGET</key>
				<string>8.1</string>
				<key>MTL_ENABLE_DEBUG_INFO</key>
				<string>NO</string>
				<key>SDKROOT</key>
				<string>iphoneos</string>
				<key>VALIDATE_PRODUCT</key>
				<string>YES</string>
			</dict>
			<key>isa</key>
			<string>XCBuildConfiguration</string>
			<key>name</key>
			<string>Release</string>
		</dict>
		<key>595508E91A25E6BB00444D17</key>
		<dict>
			<key>buildConfigurations</key>
			<array>
				<string>595508EA1A25E6BB00444D17</string>
				<string>595508EB1A25E6BB00444D17</string>
			</array>
			<key>defaultConfigurationIsVisible</key>
			<string>0</string>
			<key>defaultConfigurationName</key>
			<string>Release</string>
			<key>isa</key>
			<string>XCConfigurationList</string>
		</dict>
		<key>595508EA1A25E6BB00444D17</key>
		<dict>
			<key>baseConfigurationReference</key>
			<string>46CEF5466AE41C733791B183</string>
			<key>buildSettings</key>
			<dict>
				<key>ASSETCATALOG_COMPILER_APPICON_NAME</key>
				<string>AppIcon</string>
				<key>INFOPLIST_FILE</key>
				<string>tp_ankiety/Info.plist</string>
				<key>LD_RUNPATH_SEARCH_PATHS</key>
				<string>$(inherited) @executable_path/Frameworks</string>
				<key>PRODUCT_NAME</key>
				<string>$(TARGET_NAME)</string>
			</dict>
			<key>isa</key>
			<string>XCBuildConfiguration</string>
			<key>name</key>
			<string>Debug</string>
		</dict>
		<key>595508EB1A25E6BB00444D17</key>
		<dict>
			<key>baseConfigurationReference</key>
			<string>A85971305A0EDDF94E5399FF</string>
			<key>buildSettings</key>
			<dict>
				<key>ASSETCATALOG_COMPILER_APPICON_NAME</key>
				<string>AppIcon</string>
				<key>INFOPLIST_FILE</key>
				<string>tp_ankiety/Info.plist</string>
				<key>LD_RUNPATH_SEARCH_PATHS</key>
				<string>$(inherited) @executable_path/Frameworks</string>
				<key>PRODUCT_NAME</key>
				<string>$(TARGET_NAME)</string>
			</dict>
			<key>isa</key>
			<string>XCBuildConfiguration</string>
			<key>name</key>
			<string>Release</string>
		</dict>
		<key>595508EC1A25E6BB00444D17</key>
		<dict>
			<key>buildConfigurations</key>
			<array>
				<string>595508ED1A25E6BB00444D17</string>
				<string>595508EE1A25E6BB00444D17</string>
			</array>
			<key>defaultConfigurationIsVisible</key>
			<string>0</string>
			<key>defaultConfigurationName</key>
			<string>Release</string>
			<key>isa</key>
			<string>XCConfigurationList</string>
		</dict>
		<key>595508ED1A25E6BB00444D17</key>
		<dict>
			<key>buildSettings</key>
			<dict>
				<key>BUNDLE_LOADER</key>
				<string>$(TEST_HOST)</string>
				<key>FRAMEWORK_SEARCH_PATHS</key>
				<array>
					<string>$(SDKROOT)/Developer/Library/Frameworks</string>
					<string>$(inherited)</string>
				</array>
				<key>GCC_PREPROCESSOR_DEFINITIONS</key>
				<array>
					<string>DEBUG=1</string>
					<string>$(inherited)</string>
				</array>
				<key>INFOPLIST_FILE</key>
				<string>tp_ankietyTests/Info.plist</string>
				<key>LD_RUNPATH_SEARCH_PATHS</key>
				<string>$(inherited) @executable_path/Frameworks @loader_path/Frameworks</string>
				<key>PRODUCT_NAME</key>
				<string>$(TARGET_NAME)</string>
				<key>TEST_HOST</key>
				<string>$(BUILT_PRODUCTS_DIR)/tp_ankiety.app/tp_ankiety</string>
			</dict>
			<key>isa</key>
			<string>XCBuildConfiguration</string>
			<key>name</key>
			<string>Debug</string>
		</dict>
		<key>595508EE1A25E6BB00444D17</key>
		<dict>
			<key>buildSettings</key>
			<dict>
				<key>BUNDLE_LOADER</key>
				<string>$(TEST_HOST)</string>
				<key>FRAMEWORK_SEARCH_PATHS</key>
				<array>
					<string>$(SDKROOT)/Developer/Library/Frameworks</string>
					<string>$(inherited)</string>
				</array>
				<key>INFOPLIST_FILE</key>
				<string>tp_ankietyTests/Info.plist</string>
				<key>LD_RUNPATH_SEARCH_PATHS</key>
				<string>$(inherited) @executable_path/Frameworks @loader_path/Frameworks</string>
				<key>PRODUCT_NAME</key>
				<string>$(TARGET_NAME)</string>
				<key>TEST_HOST</key>
				<string>$(BUILT_PRODUCTS_DIR)/tp_ankiety.app/tp_ankiety</string>
			</dict>
			<key>isa</key>
			<string>XCBuildConfiguration</string>
			<key>name</key>
			<string>Release</string>
		</dict>
		<key>595508EF1A25F52D00444D17</key>
		<dict>
			<key>fileEncoding</key>
			<string>4</string>
			<key>isa</key>
			<string>PBXFileReference</string>
			<key>lastKnownFileType</key>
			<string>sourcecode.c.h</string>
			<key>name</key>
			<string>TPAnkietyTVC.h</string>
			<key>path</key>
			<string>Ankiety/TPAnkietyTVC.h</string>
			<key>sourceTree</key>
			<string>&lt;group&gt;</string>
		</dict>
		<key>595508F01A25F52D00444D17</key>
		<dict>
			<key>fileEncoding</key>
			<string>4</string>
			<key>isa</key>
			<string>PBXFileReference</string>
			<key>lastKnownFileType</key>
			<string>sourcecode.c.objc</string>
			<key>name</key>
			<string>TPAnkietyTVC.m</string>
			<key>path</key>
			<string>Ankiety/TPAnkietyTVC.m</string>
			<key>sourceTree</key>
			<string>&lt;group&gt;</string>
		</dict>
		<key>595508F11A25F52D00444D17</key>
		<dict>
			<key>fileRef</key>
			<string>595508F01A25F52D00444D17</string>
			<key>isa</key>
			<string>PBXBuildFile</string>
		</dict>
		<key>595508F21A25F53300444D17</key>
		<dict>
			<key>children</key>
			<array>
				<string>595508EF1A25F52D00444D17</string>
				<string>595508F01A25F52D00444D17</string>
				<string>595508F31A25F5DA00444D17</string>
				<string>595508F41A25F5DA00444D17</string>
			</array>
			<key>isa</key>
			<string>PBXGroup</string>
			<key>name</key>
			<string>Ankiety</string>
			<key>sourceTree</key>
			<string>&lt;group&gt;</string>
		</dict>
		<key>595508F31A25F5DA00444D17</key>
		<dict>
			<key>fileEncoding</key>
			<string>4</string>
			<key>isa</key>
			<string>PBXFileReference</string>
			<key>lastKnownFileType</key>
			<string>sourcecode.c.h</string>
			<key>name</key>
			<string>TPAnkietyTVCell.h</string>
			<key>path</key>
			<string>Ankiety/TPAnkietyTVCell.h</string>
			<key>sourceTree</key>
			<string>&lt;group&gt;</string>
		</dict>
		<key>595508F41A25F5DA00444D17</key>
		<dict>
			<key>fileEncoding</key>
			<string>4</string>
			<key>isa</key>
			<string>PBXFileReference</string>
			<key>lastKnownFileType</key>
			<string>sourcecode.c.objc</string>
			<key>name</key>
			<string>TPAnkietyTVCell.m</string>
			<key>path</key>
			<string>Ankiety/TPAnkietyTVCell.m</string>
			<key>sourceTree</key>
			<string>&lt;group&gt;</string>
		</dict>
		<key>595508F51A25F5DA00444D17</key>
		<dict>
			<key>fileRef</key>
			<string>595508F41A25F5DA00444D17</string>
			<key>isa</key>
			<string>PBXBuildFile</string>
		</dict>
		<key>595508F91A25F8B500444D17</key>
		<dict>
			<key>children</key>
			<array>
				<string>595508FA1A25F8E100444D17</string>
				<string>595508FB1A25F8E100444D17</string>
			</array>
			<key>isa</key>
			<string>PBXGroup</string>
			<key>name</key>
			<string>Konto</string>
			<key>sourceTree</key>
			<string>&lt;group&gt;</string>
		</dict>
		<key>595508FA1A25F8E100444D17</key>
		<dict>
			<key>fileEncoding</key>
			<string>4</string>
			<key>isa</key>
			<string>PBXFileReference</string>
			<key>lastKnownFileType</key>
			<string>sourcecode.c.h</string>
			<key>name</key>
			<string>TPKontoVC.h</string>
			<key>path</key>
			<string>Konto/TPKontoVC.h</string>
			<key>sourceTree</key>
			<string>&lt;group&gt;</string>
		</dict>
		<key>595508FB1A25F8E100444D17</key>
		<dict>
			<key>fileEncoding</key>
			<string>4</string>
			<key>isa</key>
			<string>PBXFileReference</string>
			<key>lastKnownFileType</key>
			<string>sourcecode.c.objc</string>
			<key>name</key>
			<string>TPKontoVC.m</string>
			<key>path</key>
			<string>Konto/TPKontoVC.m</string>
			<key>sourceTree</key>
			<string>&lt;group&gt;</string>
		</dict>
		<key>595508FC1A25F8E100444D17</key>
		<dict>
			<key>fileRef</key>
			<string>595508FB1A25F8E100444D17</string>
			<key>isa</key>
			<string>PBXBuildFile</string>
		</dict>
		<key>595508FD1A25FFCF00444D17</key>
		<dict>
			<key>children</key>
			<array>
				<string>595508FE1A25FFE500444D17</string>
				<string>595508FF1A25FFE500444D17</string>
			</array>
			<key>isa</key>
			<string>PBXGroup</string>
			<key>name</key>
			<string>Model</string>
			<key>sourceTree</key>
			<string>&lt;group&gt;</string>
		</dict>
		<key>595508FE1A25FFE500444D17</key>
		<dict>
			<key>fileEncoding</key>
			<string>4</string>
			<key>isa</key>
			<string>PBXFileReference</string>
			<key>lastKnownFileType</key>
			<string>sourcecode.c.h</string>
			<key>name</key>
			<string>TPAnkieta.h</string>
			<key>path</key>
			<string>Model/TPAnkieta.h</string>
			<key>sourceTree</key>
			<string>&lt;group&gt;</string>
		</dict>
		<key>595508FF1A25FFE500444D17</key>
		<dict>
			<key>fileEncoding</key>
			<string>4</string>
			<key>isa</key>
			<string>PBXFileReference</string>
			<key>lastKnownFileType</key>
			<string>sourcecode.c.objc</string>
			<key>name</key>
			<string>TPAnkieta.m</string>
			<key>path</key>
			<string>Model/TPAnkieta.m</string>
			<key>sourceTree</key>
			<string>&lt;group&gt;</string>
		</dict>
		<key>595509001A25FFE500444D17</key>
		<dict>
			<key>fileRef</key>
			<string>595508FF1A25FFE500444D17</string>
			<key>isa</key>
			<string>PBXBuildFile</string>
		</dict>
		<key>59691DC81A306BF30095FA22</key>
		<dict>
			<key>children</key>
			<array/>
			<key>isa</key>
			<string>PBXGroup</string>
			<key>name</key>
			<string>Ankieta</string>
			<key>sourceTree</key>
			<string>&lt;group&gt;</string>
		</dict>
		<key>65BC339A4EDC1AAE1BB3B976</key>
		<dict>
			<key>buildActionMask</key>
			<string>2147483647</string>
			<key>files</key>
			<array/>
			<key>inputPaths</key>
			<array/>
			<key>isa</key>
			<string>PBXShellScriptBuildPhase</string>
			<key>name</key>
			<string>Check Pods Manifest.lock</string>
			<key>outputPaths</key>
			<array/>
			<key>runOnlyForDeploymentPostprocessing</key>
			<string>0</string>
			<key>shellPath</key>
			<string>/bin/sh</string>
			<key>shellScript</key>
			<string>diff "${PODS_ROOT}/../Podfile.lock" "${PODS_ROOT}/Manifest.lock" &gt; /dev/null
if [[ $? != 0 ]] ; then
    cat &lt;&lt; EOM
error: The sandbox is not in sync with the Podfile.lock. Run 'pod install' or update your CocoaPods installation.
EOM
    exit 1
fi
</string>
			<key>showEnvVarsInLog</key>
			<string>0</string>
		</dict>
		<key>A85971305A0EDDF94E5399FF</key>
		<dict>
			<key>includeInIndex</key>
			<string>1</string>
			<key>isa</key>
			<string>PBXFileReference</string>
			<key>lastKnownFileType</key>
			<string>text.xcconfig</string>
			<key>name</key>
			<string>Pods.release.xcconfig</string>
			<key>path</key>
			<string>Pods/Target Support Files/Pods/Pods.release.xcconfig</string>
			<key>sourceTree</key>
			<string>&lt;group&gt;</string>
		</dict>
	</dict>
	<key>rootObject</key>
	<string>595508BB1A25E6BB00444D17</string>
</dict>
</plist>
