PODS:
  - AFNetworking (2.5.0):
    - AFNetworking/NSURLConnection (= 2.5.0)
    - AFNetworking/NSURLSession (= 2.5.0)
    - AFNetworking/Reachability (= 2.5.0)
    - AFNetworking/Security (= 2.5.0)
    - AFNetworking/Serialization (= 2.5.0)
    - AFNetworking/UIKit (= 2.5.0)
  - AFNetworking/NSURLConnection (2.5.0):
    - AFNetworking/Reachability
    - AFNetworking/Security
    - AFNetworking/Serialization
  - AFNetworking/NSURLSession (2.5.0):
    - AFNetworking/Reachability
    - AFNetworking/Security
    - AFNetworking/Serialization
  - AFNetworking/Reachability (2.5.0)
  - AFNetworking/Security (2.5.0)
  - AFNetworking/Serialization (2.5.0)
  - AFNetworking/UIKit (2.5.0):
    - AFNetworking/NSURLConnection
    - AFNetworking/NSURLSession
  - ICViewPager (1.5.1)
  - QULQuestionnaire (0.3.1):
    - RMStepsController (~> 1.0.1)
  - RMStepsController (1.0.2)
  - SAMStarListView (0.0.1)
  - StarRatingView (1.0.0)

DEPENDENCIES:
  - AFNetworking
  - ICViewPager
  - QULQuestionnaire
  - SAMStarListView
  - StarRatingView

SPEC CHECKSUMS:
  AFNetworking: 0f54cb5d16ce38c1b76948faffb8d5fb705021c7
  ICViewPager: 213e2d0b69d6ca57e7e5791dedd57cda5321432a
  QULQuestionnaire: 355eda95af838411c734681fbcdd00308a81ecba
  RMStepsController: 558a9e73e8202945a100dc629b1c15fc8b59754f
  SAMStarListView: 268048bd0764c166ff41774d25ec104d5b940c80
  StarRatingView: c3e81fe39e1fdd5a11d3bee4ccbf7fadf8491107

COCOAPODS: 0.35.0
